
Microsoft Visual Studio Solution File, Format Version 12.00
# Visual Studio Version 16
VisualStudioVersion = 16.0.29306.81
MinimumVisualStudioVersion = 10.0.40219.1
Project("{8BC9CEB8-8B4A-11D0-8D11-00A0C91BC942}") = "Reverse Word", "Reverse Word\Reverse Word.vcxproj", "{171AA89D-0554-47BF-AD59-9AA3C28B37CF}"
EndProject
Global
	GlobalSection(SolutionConfigurationPlatforms) = preSolution
		Debug|x64 = Debug|x64
		Debug|x86 = Debug|x86
		Release|x64 = Release|x64
		Release|x86 = Release|x86
	EndGlobalSection
	GlobalSection(ProjectConfigurationPlatforms) = postSolution
		{171AA89D-0554-47BF-AD59-9AA3C28B37CF}.Debug|x64.ActiveCfg = Debug|x64
		{171AA89D-0554-47BF-AD59-9AA3C28B37CF}.Debug|x64.Build.0 = Debug|x64
		{171AA89D-0554-47BF-AD59-9AA3C28B37CF}.Debug|x86.ActiveCfg = Debug|Win32
		{171AA89D-0554-47BF-AD59-9AA3C28B37CF}.Debug|x86.Build.0 = Debug|Win32
		{171AA89D-0554-47BF-AD59-9AA3C28B37CF}.Release|x64.ActiveCfg = Release|x64
		{171AA89D-0554-47BF-AD59-9AA3C28B37CF}.Release|x64.Build.0 = Release|x64
		{171AA89D-0554-47BF-AD59-9AA3C28B37CF}.Release|x86.ActiveCfg = Release|Win32
		{171AA89D-0554-47BF-AD59-9AA3C28B37CF}.Release|x86.Build.0 = Release|Win32
	EndGlobalSection
	GlobalSection(SolutionProperties) = preSolution
		HideSolutionNode = FALSE
	EndGlobalSection
	GlobalSection(ExtensibilityGlobals) = postSolution
		SolutionGuid = {84F66513-21DB-4634-BC27-6D0611977815}
	EndGlobalSection
EndGlobal
